PODS:
  - Flutter (1.0.0)
  - flutter_libphonenumber (0.0.1):
    - Flutter
    - PhoneNumberKit/PhoneNumberKitCore (~> 3.3.3)
  - integration_test (0.0.1):
    - Flutter
  - PhoneNumberKit/PhoneNumberKitCore (3.3.3)

DEPENDENCIES:
  - Flutter (from `Flutter`)
  - flutter_libphonenumber (from `.symlinks/plugins/flutter_libphonenumber/ios`)
  - integration_test (from `.symlinks/plugins/integration_test/ios`)

SPEC REPOS:
  trunk:
    - PhoneNumberKit

EXTERNAL SOURCES:
  Flutter:
    :path: Flutter
  flutter_libphonenumber:
    :path: ".symlinks/plugins/flutter_libphonenumber/ios"
  integration_test:
    :path: ".symlinks/plugins/integration_test/ios"

SPEC CHECKSUMS:
  Flutter: 434fef37c0980e73bb6479ef766c45957d4b510c
  flutter_libphonenumber: 6a23afdf063b34d1e53e6dbd6c6bc905d18e8e46
  integration_test: 6eb66a19f7104200dcfdd62bc0077e1b09686e4f
  PhoneNumberKit: 4ce83273551c4d2ae10b7361162f4283dd02835f

PODFILE CHECKSUM: aafe91acc616949ddb318b77800a7f51bffa2a4c

COCOAPODS: 1.10.0
